
Microsoft Visual Studio Solution File, Format Version 11.00
# Visual Studio 2010
Project("{FAE04EC0-301F-11D3-BF4B-00C04F79EFBC}") = "TowerDefender", "Assembly-CSharp.csproj", "{347C095A-A1E8-DA32-A82B-6ECFD61C8045}"
EndProject
Global
	GlobalSection(SolutionConfigurationPlatforms) = preSolution
		Debug|Any CPU = Debug|Any CPU
		Release|Any CPU = Release|Any CPU
	EndGlobalSection
	GlobalSection(ProjectConfigurationPlatforms) = postSolution
		{347C095A-A1E8-DA32-A82B-6ECFD61C8045}.Debug|Any CPU.ActiveCfg = Debug|Any CPU
		{347C095A-A1E8-DA32-A82B-6ECFD61C8045}.Debug|Any CPU.Build.0 = Debug|Any CPU
		{347C095A-A1E8-DA32-A82B-6ECFD61C8045}.Release|Any CPU.ActiveCfg = Release|Any CPU
		{347C095A-A1E8-DA32-A82B-6ECFD61C8045}.Release|Any CPU.Build.0 = Release|Any CPU
	EndGlobalSection
	GlobalSection(SolutionProperties) = preSolution
		HideSolutionNode = FALSE
	EndGlobalSection
	GlobalSection(MonoDevelopProperties) = preSolution
		StartupItem = Assembly-CSharp.csproj
	EndGlobalSection
EndGlobal
